
Microsoft Visual Studio Solution File, Format Version 12.00
# Visual Studio Version 17
VisualStudioVersion = 17.9.34607.119
MinimumVisualStudioVersion = 10.0.40219.1
Project("{FAE04EC0-301F-11D3-BF4B-00C04F79EFBC}") = "ExerciciosPropostos1", "ExerciciosPropostos1\ExerciciosPropostos1.csproj", "{B8993C9C-8091-40AF-8297-DFB15E2D8189}"
EndProject
Global
	GlobalSection(SolutionConfigurationPlatforms) = preSolution
		Debug|Any CPU = Debug|Any CPU
		Release|Any CPU = Release|Any CPU
	EndGlobalSection
	GlobalSection(ProjectConfigurationPlatforms) = postSolution
		{B8993C9C-8091-40AF-8297-DFB15E2D8189}.Debug|Any CPU.ActiveCfg = Debug|Any CPU
		{B8993C9C-8091-40AF-8297-DFB15E2D8189}.Debug|Any CPU.Build.0 = Debug|Any CPU
		{B8993C9C-8091-40AF-8297-DFB15E2D8189}.Release|Any CPU.ActiveCfg = Release|Any CPU
		{B8993C9C-8091-40AF-8297-DFB15E2D8189}.Release|Any CPU.Build.0 = Release|Any CPU
	EndGlobalSection
	GlobalSection(SolutionProperties) = preSolution
		HideSolutionNode = FALSE
	EndGlobalSection
	GlobalSection(ExtensibilityGlobals) = postSolution
		SolutionGuid = {53168DA5-9B11-427E-8A12-6CEF8F45FBA4}
	EndGlobalSection
EndGlobal
